
Microsoft Visual Studio Solution File, Format Version 12.00
# Visual Studio Version 17
VisualStudioVersion = 17.2.32519.379
MinimumVisualStudioVersion = 10.0.40219.1
Project("{9A19103F-16F7-4668-BE54-9A1E7A4F7556}") = "DesignPatterns", "DesignPatterns\DesignPatterns.csproj", "{EA38ED78-87DB-4853-9FCC-C4C1A837F81F}"
EndProject
Global
	GlobalSection(SolutionConfigurationPlatforms) = preSolution
		Debug|Any CPU = Debug|Any CPU
		Release|Any CPU = Release|Any CPU
	EndGlobalSection
	GlobalSection(ProjectConfigurationPlatforms) = postSolution
		{EA38ED78-87DB-4853-9FCC-C4C1A837F81F}.Debug|Any CPU.ActiveCfg = Debug|Any CPU
		{EA38ED78-87DB-4853-9FCC-C4C1A837F81F}.Debug|Any CPU.Build.0 = Debug|Any CPU
		{EA38ED78-87DB-4853-9FCC-C4C1A837F81F}.Release|Any CPU.ActiveCfg = Release|Any CPU
		{EA38ED78-87DB-4853-9FCC-C4C1A837F81F}.Release|Any CPU.Build.0 = Release|Any CPU
	EndGlobalSection
	GlobalSection(SolutionProperties) = preSolution
		HideSolutionNode = FALSE
	EndGlobalSection
	GlobalSection(ExtensibilityGlobals) = postSolution
		SolutionGuid = {6C0D475B-A1F7-4992-9534-8A727EDE9187}
	EndGlobalSection
EndGlobal
